{"version":4,"terraform_version":"1.10.5","serial":5,"lineage":"7d9b2bf8-0715-7daa-4012-bc31955803d4","outputs":{},"resources":[{"mode":"data","type":"aws_caller_identity","name":"current","provider":"provider[\"registry.opentofu.org/hashicorp/aws\"]","instances":[{"schema_version":0,"attributes":{"account_id":"886047113001","arn":"arn:aws:sts::886047113001:assumed-role/AWSReservedSSO_AdministratorAccess_d9d74744c5aa94be/johan@bytecat.co.za","id":"886047113001","user_id":"AROA44TEF74UW2PIEJLLN:johan@bytecat.co.za"},"sensitive_attributes":[]}]},{"mode":"managed","type":"aws_s3_bucket","name":"scripts","provider":"provider[\"registry.opentofu.org/hashicorp/aws\"]","instances":[{"schema_version":0,"attributes":{"acceleration_status":"","acl":null,"arn":"arn:aws:s3:::bytecat-scripts-886047113001","bucket":"bytecat-scripts-886047113001","bucket_domain_name":"bytecat-scripts-886047113001.s3.amazonaws.com","bucket_prefix":"","bucket_region":"af-south-1","bucket_regional_domain_name":"bytecat-scripts-886047113001.s3.af-south-1.amazonaws.com","cors_rule":[],"force_destroy":false,"grant":[{"id":"598c15ca33c3d6d31697232dda60c824bb866cea11200297ad87284079e3143c","permissions":["FULL_CONTROL"],"type":"CanonicalUser","uri":""}],"hosted_zone_id":"Z83WF9RJE8B12","id":"bytecat-scripts-886047113001","lifecycle_rule":[],"logging":[],"object_lock_configuration":[],"object_lock_enabled":false,"policy":"","region":"af-south-1","replication_configuration":[],"request_payer":"BucketOwner","server_side_encryption_configuration":[{"rule":[{"apply_server_side_encryption_by_default":[{"kms_master_key_id":"","sse_algorithm":"AES256"}],"bucket_key_enabled":false}]}],"tags":{"Application":"kite-server","Name":"bytecat-kite-server-scripts","bytecat":"thebytecat"},"tags_all":{"Application":"kite-server","Name":"bytecat-kite-server-scripts","bytecat":"thebytecat"},"timeouts":null,"versioning":[{"enabled":false,"mfa_delete":false}],"website":[],"website_domain":null,"website_endpoint":null},"sensitive_attributes":[],"private":"eyJlMmJmYjczMC1lY2FhLTExZTYtOGY4OC0zNDM2M2JjN2M0YzAiOnsiY3JlYXRlIjoxMjAwMDAwMDAwMDAwLCJkZWxldGUiOjM2MDAwMDAwMDAwMDAsInJlYWQiOjEyMDAwMDAwMDAwMDAsInVwZGF0ZSI6MTIwMDAwMDAwMDAwMH19","dependencies":["data.aws_caller_identity.current"]}]}],"check_results":null}
